
Microsoft Visual Studio Solution File, Format Version 12.00
# Visual Studio Version 16
VisualStudioVersion = 16.0.31205.134
MinimumVisualStudioVersion = 10.0.40219.1
Project("{FAE04EC0-301F-11D3-BF4B-00C04F79EFBC}") = "RuneReign", "RuneReign.csproj", "{CC9593DD-0C05-4474-99D5-32D0EB4C2CA0}"
EndProject
Global
	GlobalSection(SolutionConfigurationPlatforms) = preSolution
		Debug|Any CPU = Debug|Any CPU
		Release|Any CPU = Release|Any CPU
	EndGlobalSection
	GlobalSection(ProjectConfigurationPlatforms) = postSolution
		{CC9593DD-0C05-4474-99D5-32D0EB4C2CA0}.Debug|Any CPU.ActiveCfg = Debug|Any CPU
		{CC9593DD-0C05-4474-99D5-32D0EB4C2CA0}.Debug|Any CPU.Build.0 = Debug|Any CPU
		{CC9593DD-0C05-4474-99D5-32D0EB4C2CA0}.Release|Any CPU.ActiveCfg = Release|Any CPU
		{CC9593DD-0C05-4474-99D5-32D0EB4C2CA0}.Release|Any CPU.Build.0 = Release|Any CPU
	EndGlobalSection
	GlobalSection(SolutionProperties) = preSolution
		HideSolutionNode = FALSE
	EndGlobalSection
	GlobalSection(ExtensibilityGlobals) = postSolution
		SolutionGuid = {ED87B3C1-9CFA-4625-941D-E5664CB50739}
	EndGlobalSection
EndGlobal
